<!-- Subs.Ext\Subs.Ext.slnx -->
<Solution>
  <Folder Name="/Solution Items/">
    <File Path="LICENSE.md" />
    <File Path="Readme.txt" />
  </Folder>
  <Folder Name="/Solution Items/AddIns/" />
  <Folder Name="/Solution Items/AddIns/VLC/">
    <File Path="language_level.lua" />
  </Folder>
  <Folder Name="/Tools/">
    <Project Path="Tools/Rating.WPF/Rating.WPF.csproj" Id="4db86609-a790-4698-bfd7-8870a83f216b" />
  </Folder>
</Solution>
